
Microsoft Visual Studio Solution File, Format Version 12.00
# Visual Studio Version 16
VisualStudioVersion = 16.0.31702.278
MinimumVisualStudioVersion = 10.0.40219.1
Project("{9A19103F-16F7-4668-BE54-9A1E7A4F7556}") = "Clase01-Ejercicio01", "Ejercicio01\Clase01-Ejercicio01.csproj", "{E5C3E8D7-7918-4E97-8230-6B91EEED015F}"
EndProject
Project("{2150E333-8FDC-42A3-9474-1A3956D46DE8}") = "EJERCICIOS DE CLASE", "EJERCICIOS DE CLASE", "{2C4E4D9A-0689-45E0-B2D4-FD1A60A3C82B}"
EndProject
Project("{9A19103F-16F7-4668-BE54-9A1E7A4F7556}") = "Clase01-Ejercicio02", "Ejercicio02\Clase01-Ejercicio02.csproj", "{7844E0CC-01A8-45A6-8306-EEABE31FB516}"
EndProject
Project("{9A19103F-16F7-4668-BE54-9A1E7A4F7556}") = "Clase01-Ejercicio03", "Ejercicio03\Clase01-Ejercicio03.csproj", "{DA2BB6B9-830F-4C1D-A7EE-835B73AF0094}"
EndProject
Project("{9A19103F-16F7-4668-BE54-9A1E7A4F7556}") = "Clase01-Ejercicio04", "Ejercicio04\Clase01-Ejercicio04.csproj", "{5344CB97-056F-48BE-92C7-2A4D41EE17E8}"
EndProject
Project("{9A19103F-16F7-4668-BE54-9A1E7A4F7556}") = "Clase01-Ejercicio05", "Ejercicio05\Clase01-Ejercicio05.csproj", "{16E018FB-5ECC-47ED-9D23-AEE12F4C14BD}"
EndProject
Project("{9A19103F-16F7-4668-BE54-9A1E7A4F7556}") = "Clase02-Ejercicio01", "..\Clase02\Clase02-Ejercicio01\Clase02-Ejercicio01.csproj", "{31AE55A2-E68E-47F3-B13C-7BDAB30D9D5F}"
EndProject
Project("{9A19103F-16F7-4668-BE54-9A1E7A4F7556}") = "Clase02-Ejercicio02", "..\Clase02\Clase02-Ejercicio02\Clase02-Ejercicio02.csproj", "{D01D2D0D-B867-47E5-8355-99E106F172DB}"
EndProject
Project("{9A19103F-16F7-4668-BE54-9A1E7A4F7556}") = "Clase02-Ejercicio03", "..\Clase02\Clase02-Ejercicio03\Clase02-Ejercicio03.csproj", "{29391A06-FF27-4F88-906D-E9CF23D9C67F}"
EndProject
Project("{9A19103F-16F7-4668-BE54-9A1E7A4F7556}") = "Clase02-Ejercicio04", "..\Clase02\Clase02-Ejercicio04\Clase02-Ejercicio04.csproj", "{11D7F8B4-45DB-43F5-B467-07AA4422D078}"
EndProject
Project("{9A19103F-16F7-4668-BE54-9A1E7A4F7556}") = "Clase02-Ejercicio05", "..\Clase02\Clase02-Ejercicio05\Clase02-Ejercicio05.csproj", "{72448611-B486-4B4B-B270-56701F6C97CD}"
EndProject
Project("{9A19103F-16F7-4668-BE54-9A1E7A4F7556}") = "Clase02-Ejercicio06", "..\Clase02\Clase02-Ejercicio06\Clase02-Ejercicio06.csproj", "{D3AA582D-CDC4-41AA-B533-3E9989D10F64}"
EndProject
Project("{9A19103F-16F7-4668-BE54-9A1E7A4F7556}") = "Clase02-Ejercicio07", "..\Clase02\Clase02-Ejercicio07\Clase02-Ejercicio07.csproj", "{8404B56C-0D0E-47C1-8D46-C36FB417D3D2}"
EndProject
Project("{9A19103F-16F7-4668-BE54-9A1E7A4F7556}") = "Clase02-Ejercicio08", "..\Clase02\Clase02-Ejercicio08\Clase02-Ejercicio08.csproj", "{37427FFD-0127-4D9E-AAC7-AAA1A7C3E7C5}"
EndProject
Project("{9A19103F-16F7-4668-BE54-9A1E7A4F7556}") = "Clase03-Ejercicio01", "..\Clase03\Clase03-Ejercicio01\Clase03-Ejercicio01.csproj", "{5CE83099-5274-4969-8E1F-697E6B66C8EA}"
EndProject
Project("{2150E333-8FDC-42A3-9474-1A3956D46DE8}") = "CLASE01", "CLASE01", "{1FCE78F5-9C5D-43C0-8ADD-136193C40D86}"
EndProject
Project("{2150E333-8FDC-42A3-9474-1A3956D46DE8}") = "CLASE02", "CLASE02", "{E00DB382-DDA2-4FD1-B897-E287C07159A0}"
EndProject
Project("{2150E333-8FDC-42A3-9474-1A3956D46DE8}") = "CLASE03", "CLASE03", "{FF5E65CC-E9F8-4912-A27E-0F8AE3B2A701}"
EndProject
Project("{9A19103F-16F7-4668-BE54-9A1E7A4F7556}") = "Clase03-Ejercicio02", "..\Clase03\Clase03-Ejercicio02\Clase03-Ejercicio02.csproj", "{C1FBF3B2-D841-4740-AAA6-23F4910EEFE5}"
EndProject
Project("{9A19103F-16F7-4668-BE54-9A1E7A4F7556}") = "Clase03-Ejercicio03", "..\Clase03\Clase03-Ejercicio03\Clase03-Ejercicio03.csproj", "{6D77217F-7418-4D58-BF0B-3A1B718AB05E}"
EndProject
Project("{FAE04EC0-301F-11D3-BF4B-00C04F79EFBC}") = "Practica", "Practica\Practica.csproj", "{CC80B3B3-483E-48E1-9C32-DF321C78C11A}"
EndProject
Global
	GlobalSection(SolutionConfigurationPlatforms) = preSolution
		Debug|Any CPU = Debug|Any CPU
		Release|Any CPU = Release|Any CPU
	EndGlobalSection
	GlobalSection(ProjectConfigurationPlatforms) = postSolution
		{E5C3E8D7-7918-4E97-8230-6B91EEED015F}.Debug|Any CPU.ActiveCfg = Debug|Any CPU
		{E5C3E8D7-7918-4E97-8230-6B91EEED015F}.Debug|Any CPU.Build.0 = Debug|Any CPU
		{E5C3E8D7-7918-4E97-8230-6B91EEED015F}.Release|Any CPU.ActiveCfg = Release|Any CPU
		{E5C3E8D7-7918-4E97-8230-6B91EEED015F}.Release|Any CPU.Build.0 = Release|Any CPU
		{7844E0CC-01A8-45A6-8306-EEABE31FB516}.Debug|Any CPU.ActiveCfg = Debug|Any CPU
		{7844E0CC-01A8-45A6-8306-EEABE31FB516}.Debug|Any CPU.Build.0 = Debug|Any CPU
		{7844E0CC-01A8-45A6-8306-EEABE31FB516}.Release|Any CPU.ActiveCfg = Release|Any CPU
		{7844E0CC-01A8-45A6-8306-EEABE31FB516}.Release|Any CPU.Build.0 = Release|Any CPU
		{DA2BB6B9-830F-4C1D-A7EE-835B73AF0094}.Debug|Any CPU.ActiveCfg = Debug|Any CPU
		{DA2BB6B9-830F-4C1D-A7EE-835B73AF0094}.Debug|Any CPU.Build.0 = Debug|Any CPU
		{DA2BB6B9-830F-4C1D-A7EE-835B73AF0094}.Release|Any CPU.ActiveCfg = Release|Any CPU
		{DA2BB6B9-830F-4C1D-A7EE-835B73AF0094}.Release|Any CPU.Build.0 = Release|Any CPU
		{5344CB97-056F-48BE-92C7-2A4D41EE17E8}.Debug|Any CPU.ActiveCfg = Debug|Any CPU
		{5344CB97-056F-48BE-92C7-2A4D41EE17E8}.Debug|Any CPU.Build.0 = Debug|Any CPU
		{5344CB97-056F-48BE-92C7-2A4D41EE17E8}.Release|Any CPU.ActiveCfg = Release|Any CPU
		{5344CB97-056F-48BE-92C7-2A4D41EE17E8}.Release|Any CPU.Build.0 = Release|Any CPU
		{16E018FB-5ECC-47ED-9D23-AEE12F4C14BD}.Debug|Any CPU.ActiveCfg = Debug|Any CPU
		{16E018FB-5ECC-47ED-9D23-AEE12F4C14BD}.Debug|Any CPU.Build.0 = Debug|Any CPU
		{16E018FB-5ECC-47ED-9D23-AEE12F4C14BD}.Release|Any CPU.ActiveCfg = Release|Any CPU
		{16E018FB-5ECC-47ED-9D23-AEE12F4C14BD}.Release|Any CPU.Build.0 = Release|Any CPU
		{31AE55A2-E68E-47F3-B13C-7BDAB30D9D5F}.Debug|Any CPU.ActiveCfg = Debug|Any CPU
		{31AE55A2-E68E-47F3-B13C-7BDAB30D9D5F}.Debug|Any CPU.Build.0 = Debug|Any CPU
		{31AE55A2-E68E-47F3-B13C-7BDAB30D9D5F}.Release|Any CPU.ActiveCfg = Release|Any CPU
		{31AE55A2-E68E-47F3-B13C-7BDAB30D9D5F}.Release|Any CPU.Build.0 = Release|Any CPU
		{D01D2D0D-B867-47E5-8355-99E106F172DB}.Debug|Any CPU.ActiveCfg = Debug|Any CPU
		{D01D2D0D-B867-47E5-8355-99E106F172DB}.Debug|Any CPU.Build.0 = Debug|Any CPU
		{D01D2D0D-B867-47E5-8355-99E106F172DB}.Release|Any CPU.ActiveCfg = Release|Any CPU
		{D01D2D0D-B867-47E5-8355-99E106F172DB}.Release|Any CPU.Build.0 = Release|Any CPU
		{29391A06-FF27-4F88-906D-E9CF23D9C67F}.Debug|Any CPU.ActiveCfg = Debug|Any CPU
		{29391A06-FF27-4F88-906D-E9CF23D9C67F}.Debug|Any CPU.Build.0 = Debug|Any CPU
		{29391A06-FF27-4F88-906D-E9CF23D9C67F}.Release|Any CPU.ActiveCfg = Release|Any CPU
		{29391A06-FF27-4F88-906D-E9CF23D9C67F}.Release|Any CPU.Build.0 = Release|Any CPU
		{11D7F8B4-45DB-43F5-B467-07AA4422D078}.Debug|Any CPU.ActiveCfg = Debug|Any CPU
		{11D7F8B4-45DB-43F5-B467-07AA4422D078}.Debug|Any CPU.Build.0 = Debug|Any CPU
		{11D7F8B4-45DB-43F5-B467-07AA4422D078}.Release|Any CPU.ActiveCfg = Release|Any CPU
		{11D7F8B4-45DB-43F5-B467-07AA4422D078}.Release|Any CPU.Build.0 = Release|Any CPU
		{72448611-B486-4B4B-B270-56701F6C97CD}.Debug|Any CPU.ActiveCfg = Debug|Any CPU
		{72448611-B486-4B4B-B270-56701F6C97CD}.Debug|Any CPU.Build.0 = Debug|Any CPU
		{72448611-B486-4B4B-B270-56701F6C97CD}.Release|Any CPU.ActiveCfg = Release|Any CPU
		{72448611-B486-4B4B-B270-56701F6C97CD}.Release|Any CPU.Build.0 = Release|Any CPU
		{D3AA582D-CDC4-41AA-B533-3E9989D10F64}.Debug|Any CPU.ActiveCfg = Debug|Any CPU
		{D3AA582D-CDC4-41AA-B533-3E9989D10F64}.Debug|Any CPU.Build.0 = Debug|Any CPU
		{D3AA582D-CDC4-41AA-B533-3E9989D10F64}.Release|Any CPU.ActiveCfg = Release|Any CPU
		{D3AA582D-CDC4-41AA-B533-3E9989D10F64}.Release|Any CPU.Build.0 = Release|Any CPU
		{8404B56C-0D0E-47C1-8D46-C36FB417D3D2}.Debug|Any CPU.ActiveCfg = Debug|Any CPU
		{8404B56C-0D0E-47C1-8D46-C36FB417D3D2}.Debug|Any CPU.Build.0 = Debug|Any CPU
		{8404B56C-0D0E-47C1-8D46-C36FB417D3D2}.Release|Any CPU.ActiveCfg = Release|Any CPU
		{8404B56C-0D0E-47C1-8D46-C36FB417D3D2}.Release|Any CPU.Build.0 = Release|Any CPU
		{37427FFD-0127-4D9E-AAC7-AAA1A7C3E7C5}.Debug|Any CPU.ActiveCfg = Debug|Any CPU
		{37427FFD-0127-4D9E-AAC7-AAA1A7C3E7C5}.Debug|Any CPU.Build.0 = Debug|Any CPU
		{37427FFD-0127-4D9E-AAC7-AAA1A7C3E7C5}.Release|Any CPU.ActiveCfg = Release|Any CPU
		{37427FFD-0127-4D9E-AAC7-AAA1A7C3E7C5}.Release|Any CPU.Build.0 = Release|Any CPU
		{5CE83099-5274-4969-8E1F-697E6B66C8EA}.Debug|Any CPU.ActiveCfg = Debug|Any CPU
		{5CE83099-5274-4969-8E1F-697E6B66C8EA}.Debug|Any CPU.Build.0 = Debug|Any CPU
		{5CE83099-5274-4969-8E1F-697E6B66C8EA}.Release|Any CPU.ActiveCfg = Release|Any CPU
		{5CE83099-5274-4969-8E1F-697E6B66C8EA}.Release|Any CPU.Build.0 = Release|Any CPU
		{C1FBF3B2-D841-4740-AAA6-23F4910EEFE5}.Debug|Any CPU.ActiveCfg = Debug|Any CPU
		{C1FBF3B2-D841-4740-AAA6-23F4910EEFE5}.Debug|Any CPU.Build.0 = Debug|Any CPU
		{C1FBF3B2-D841-4740-AAA6-23F4910EEFE5}.Release|Any CPU.ActiveCfg = Release|Any CPU
		{C1FBF3B2-D841-4740-AAA6-23F4910EEFE5}.Release|Any CPU.Build.0 = Release|Any CPU
		{6D77217F-7418-4D58-BF0B-3A1B718AB05E}.Debug|Any CPU.ActiveCfg = Debug|Any CPU
		{6D77217F-7418-4D58-BF0B-3A1B718AB05E}.Debug|Any CPU.Build.0 = Debug|Any CPU
		{6D77217F-7418-4D58-BF0B-3A1B718AB05E}.Release|Any CPU.ActiveCfg = Release|Any CPU
		{6D77217F-7418-4D58-BF0B-3A1B718AB05E}.Release|Any CPU.Build.0 = Release|Any CPU
		{CC80B3B3-483E-48E1-9C32-DF321C78C11A}.Debug|Any CPU.ActiveCfg = Debug|Any CPU
		{CC80B3B3-483E-48E1-9C32-DF321C78C11A}.Debug|Any CPU.Build.0 = Debug|Any CPU
		{CC80B3B3-483E-48E1-9C32-DF321C78C11A}.Release|Any CPU.ActiveCfg = Release|Any CPU
		{CC80B3B3-483E-48E1-9C32-DF321C78C11A}.Release|Any CPU.Build.0 = Release|Any CPU
	EndGlobalSection
	GlobalSection(SolutionProperties) = preSolution
		HideSolutionNode = FALSE
	EndGlobalSection
	GlobalSection(NestedProjects) = preSolution
		{E5C3E8D7-7918-4E97-8230-6B91EEED015F} = {1FCE78F5-9C5D-43C0-8ADD-136193C40D86}
		{7844E0CC-01A8-45A6-8306-EEABE31FB516} = {1FCE78F5-9C5D-43C0-8ADD-136193C40D86}
		{DA2BB6B9-830F-4C1D-A7EE-835B73AF0094} = {1FCE78F5-9C5D-43C0-8ADD-136193C40D86}
		{5344CB97-056F-48BE-92C7-2A4D41EE17E8} = {1FCE78F5-9C5D-43C0-8ADD-136193C40D86}
		{16E018FB-5ECC-47ED-9D23-AEE12F4C14BD} = {1FCE78F5-9C5D-43C0-8ADD-136193C40D86}
		{31AE55A2-E68E-47F3-B13C-7BDAB30D9D5F} = {E00DB382-DDA2-4FD1-B897-E287C07159A0}
		{D01D2D0D-B867-47E5-8355-99E106F172DB} = {E00DB382-DDA2-4FD1-B897-E287C07159A0}
		{29391A06-FF27-4F88-906D-E9CF23D9C67F} = {E00DB382-DDA2-4FD1-B897-E287C07159A0}
		{11D7F8B4-45DB-43F5-B467-07AA4422D078} = {E00DB382-DDA2-4FD1-B897-E287C07159A0}
		{72448611-B486-4B4B-B270-56701F6C97CD} = {E00DB382-DDA2-4FD1-B897-E287C07159A0}
		{D3AA582D-CDC4-41AA-B533-3E9989D10F64} = {E00DB382-DDA2-4FD1-B897-E287C07159A0}
		{8404B56C-0D0E-47C1-8D46-C36FB417D3D2} = {E00DB382-DDA2-4FD1-B897-E287C07159A0}
		{37427FFD-0127-4D9E-AAC7-AAA1A7C3E7C5} = {E00DB382-DDA2-4FD1-B897-E287C07159A0}
		{5CE83099-5274-4969-8E1F-697E6B66C8EA} = {FF5E65CC-E9F8-4912-A27E-0F8AE3B2A701}
		{1FCE78F5-9C5D-43C0-8ADD-136193C40D86} = {2C4E4D9A-0689-45E0-B2D4-FD1A60A3C82B}
		{E00DB382-DDA2-4FD1-B897-E287C07159A0} = {2C4E4D9A-0689-45E0-B2D4-FD1A60A3C82B}
		{FF5E65CC-E9F8-4912-A27E-0F8AE3B2A701} = {2C4E4D9A-0689-45E0-B2D4-FD1A60A3C82B}
		{C1FBF3B2-D841-4740-AAA6-23F4910EEFE5} = {FF5E65CC-E9F8-4912-A27E-0F8AE3B2A701}
		{6D77217F-7418-4D58-BF0B-3A1B718AB05E} = {FF5E65CC-E9F8-4912-A27E-0F8AE3B2A701}
	EndGlobalSection
	GlobalSection(ExtensibilityGlobals) = postSolution
		SolutionGuid = {36A56CAE-5BDC-4938-AE4F-0D2034131869}
	EndGlobalSection
EndGlobal
